
Microsoft Visual Studio Solution File, Format Version 12.00
# Visual Studio Version 16
VisualStudioVersion = 16.0.29215.179
MinimumVisualStudioVersion = 10.0.40219.1
Project("{FAE04EC0-301F-11D3-BF4B-00C04F79EFBC}") = "KeyMapper", "KeyMapper\KeyMapper.csproj", "{E2976595-8413-400C-B244-866793DCE342}"
EndProject
Project("{FAE04EC0-301F-11D3-BF4B-00C04F79EFBC}") = "KeyMapperTests", "KeyMapperTests\KeyMapperTests.csproj", "{2D2387B5-7634-4246-936F-B04B0E23D646}"
EndProject
Project("{8BC9CEB8-8B4A-11D0-8D11-00A0C91BC942}") = "MouseMapperDLL", "..\MouseMapperDLL\MouseMapperDLL\MouseMapperDLL.vcxproj", "{B86F27F6-26EE-41AF-8163-C83DD672A063}"
EndProject
Global
	GlobalSection(SolutionConfigurationPlatforms) = preSolution
		Debug|Any CPU = Debug|Any CPU
		Debug|x64 = Debug|x64
		Debug|x86 = Debug|x86
		Release|Any CPU = Release|Any CPU
		Release|x64 = Release|x64
		Release|x86 = Release|x86
	EndGlobalSection
	GlobalSection(ProjectConfigurationPlatforms) = postSolution
		{E2976595-8413-400C-B244-866793DCE342}.Debug|Any CPU.ActiveCfg = Debug|Any CPU
		{E2976595-8413-400C-B244-866793DCE342}.Debug|Any CPU.Build.0 = Debug|Any CPU
		{E2976595-8413-400C-B244-866793DCE342}.Debug|x64.ActiveCfg = Debug|x64
		{E2976595-8413-400C-B244-866793DCE342}.Debug|x64.Build.0 = Debug|x64
		{E2976595-8413-400C-B244-866793DCE342}.Debug|x86.ActiveCfg = Debug|Any CPU
		{E2976595-8413-400C-B244-866793DCE342}.Debug|x86.Build.0 = Debug|Any CPU
		{E2976595-8413-400C-B244-866793DCE342}.Release|Any CPU.ActiveCfg = Release|Any CPU
		{E2976595-8413-400C-B244-866793DCE342}.Release|Any CPU.Build.0 = Release|Any CPU
		{E2976595-8413-400C-B244-866793DCE342}.Release|x64.ActiveCfg = Release|x64
		{E2976595-8413-400C-B244-866793DCE342}.Release|x64.Build.0 = Release|x64
		{E2976595-8413-400C-B244-866793DCE342}.Release|x86.ActiveCfg = Release|Any CPU
		{E2976595-8413-400C-B244-866793DCE342}.Release|x86.Build.0 = Release|Any CPU
		{2D2387B5-7634-4246-936F-B04B0E23D646}.Debug|Any CPU.ActiveCfg = Debug|Any CPU
		{2D2387B5-7634-4246-936F-B04B0E23D646}.Debug|Any CPU.Build.0 = Debug|Any CPU
		{2D2387B5-7634-4246-936F-B04B0E23D646}.Debug|x64.ActiveCfg = Debug|x64
		{2D2387B5-7634-4246-936F-B04B0E23D646}.Debug|x64.Build.0 = Debug|x64
		{2D2387B5-7634-4246-936F-B04B0E23D646}.Debug|x86.ActiveCfg = Debug|Any CPU
		{2D2387B5-7634-4246-936F-B04B0E23D646}.Debug|x86.Build.0 = Debug|Any CPU
		{2D2387B5-7634-4246-936F-B04B0E23D646}.Release|Any CPU.ActiveCfg = Release|Any CPU
		{2D2387B5-7634-4246-936F-B04B0E23D646}.Release|Any CPU.Build.0 = Release|Any CPU
		{2D2387B5-7634-4246-936F-B04B0E23D646}.Release|x64.ActiveCfg = Release|x64
		{2D2387B5-7634-4246-936F-B04B0E23D646}.Release|x64.Build.0 = Release|x64
		{2D2387B5-7634-4246-936F-B04B0E23D646}.Release|x86.ActiveCfg = Release|Any CPU
		{2D2387B5-7634-4246-936F-B04B0E23D646}.Release|x86.Build.0 = Release|Any CPU
		{B86F27F6-26EE-41AF-8163-C83DD672A063}.Debug|Any CPU.ActiveCfg = Debug|Win32
		{B86F27F6-26EE-41AF-8163-C83DD672A063}.Debug|x64.ActiveCfg = Debug|x64
		{B86F27F6-26EE-41AF-8163-C83DD672A063}.Debug|x64.Build.0 = Debug|x64
		{B86F27F6-26EE-41AF-8163-C83DD672A063}.Debug|x86.ActiveCfg = Debug|Win32
		{B86F27F6-26EE-41AF-8163-C83DD672A063}.Debug|x86.Build.0 = Debug|Win32
		{B86F27F6-26EE-41AF-8163-C83DD672A063}.Release|Any CPU.ActiveCfg = Release|Win32
		{B86F27F6-26EE-41AF-8163-C83DD672A063}.Release|x64.ActiveCfg = Release|x64
		{B86F27F6-26EE-41AF-8163-C83DD672A063}.Release|x64.Build.0 = Release|x64
		{B86F27F6-26EE-41AF-8163-C83DD672A063}.Release|x86.ActiveCfg = Release|Win32
		{B86F27F6-26EE-41AF-8163-C83DD672A063}.Release|x86.Build.0 = Release|Win32
	EndGlobalSection
	GlobalSection(SolutionProperties) = preSolution
		HideSolutionNode = FALSE
	EndGlobalSection
	GlobalSection(ExtensibilityGlobals) = postSolution
		SolutionGuid = {F84D58BB-9E51-4CA9-8561-984A6F6E14E4}
	EndGlobalSection
EndGlobal
